{
    "_readme": [
        "This file locks the dependencies of your project to a known state",
        "Read more about it at https://getcomposer.org/doc/01-basic-usage.md#composer-lock-the-lock-file",
        "This file is @generated automatically"
    ],
    "hash": "9199d5810cfedfdd1b0ca36ece7073e5",
    "content-hash": "504ad1367f2f22d0f0bbb5393859c1e0",
    "packages": [
        {
            "name": "doctrine/inflector",
            "version": "v1.1.0",
            "source": {
                "type": "git",
                "url": "https://github.com/doctrine/inflector.git",
                "reference": "90b2128806bfde671b6952ab8bea493942c1fdae"
            },
            "dist": {
                "type": "zip",
                "url": "https://files.phpcomposer.com/files/doctrine/inflector/90b2128806bfde671b6952ab8bea493942c1fdae.zip",
                "reference": "90b2128806bfde671b6952ab8bea493942c1fdae",
                "shasum": ""
            },
            "require": {
                "php": ">=5.3.2"
            },
            "require-dev": {
                "phpunit/phpunit": "4.*"
            },
            "type": "library",
            "extra": {
                "branch-alias": {
                    "dev-master": "1.1.x-dev"
                }
            },
            "autoload": {
                "psr-0": {
                    "Doctrine\\Common\\Inflector\\": "lib/"
                }
            },
            "notification-url": "https://packagist.org/downloads/",
            "license": [
                "MIT"
            ],
            "authors": [
                {
                    "name": "Roman Borschel",
                    "email": "roman@code-factory.org"
                },
                {
                    "name": "Benjamin Eberlei",
                    "email": "kontakt@beberlei.de"
                },
                {
                    "name": "Guilherme Blanco",
                    "email": "guilhermeblanco@gmail.com"
                },
                {
                    "name": "Jonathan Wage",
                    "email": "jonwage@gmail.com"
                },
                {
                    "name": "Johannes Schmitt",
                    "email": "schmittjoh@gmail.com"
                }
            ],
            "description": "Common String Manipulations with regard to casing and singular/plural rules.",
            "homepage": "http://www.doctrine-project.org",
            "keywords": [
                "inflection",
                "pluralize",
                "singularize",
                "string"
            ],
            "time": "2015-11-06 14:35:42"
        },
        {
            "name": "fezfez/php-to-zephir",
            "version": "0.2.1",
            "source": {
                "type": "git",
                "url": "https://github.com/fezfez/php-to-zephir.git",
                "reference": "b1cc3eee3fa791124180f7b9f74a56eeb3965160"
            },
            "dist": {
                "type": "zip",
                "url": "https://files.phpcomposer.com/files/fezfez/php-to-zephir/b1cc3eee3fa791124180f7b9f74a56eeb3965160.zip",
                "reference": "b1cc3eee3fa791124180f7b9f74a56eeb3965160",
                "shasum": ""
            },
            "require": {
                "nikic/php-parser": "1.4.*",
                "phalcon/zephir": "0.8.*",
                "phpdocumentor/reflection-docblock": "2.0.*",
                "symfony/console": "2.7.*"
            },
            "require-dev": {
                "phpunit/phpunit": "4.8.*"
            },
            "bin": [
                "bin/php-to-zephir"
            ],
            "type": "library",
            "autoload": {
                "psr-0": {
                    "PhpToZephir": "src/"
                }
            },
            "notification-url": "https://packagist.org/downloads/",
            "authors": [
                {
                    "name": "Stéphane Demonchaux",
                    "email": "demonchaux.stephane@gmail.com"
                }
            ],
            "description": "Transform php code to zephir",
            "homepage": "https://github.com/fezfez/php-to-zephir",
            "keywords": [
                "code conversion",
                "convert php",
                "php to zephir",
                "zephir"
            ],
            "time": "2015-09-29 19:18:01"
        },
        {
            "name": "illuminate/container",
            "version": "v5.4.13",
            "source": {
                "type": "git",
                "url": "https://github.com/illuminate/container.git",
                "reference": "ccbfa2c69369a11b419d071ad11147b59eb9f052"
            },
            "dist": {
                "type": "zip",
                "url": "https://files.phpcomposer.com/files/illuminate/container/ccbfa2c69369a11b419d071ad11147b59eb9f052.zip",
                "reference": "ccbfa2c69369a11b419d071ad11147b59eb9f052",
                "shasum": ""
            },
            "require": {
                "illuminate/contracts": "5.4.*",
                "php": ">=5.6.4"
            },
            "type": "library",
            "extra": {
                "branch-alias": {
                    "dev-master": "5.4-dev"
                }
            },
            "autoload": {
                "psr-4": {
                    "Illuminate\\Container\\": ""
                }
            },
            "notification-url": "https://packagist.org/downloads/",
            "license": [
                "MIT"
            ],
            "authors": [
                {
                    "name": "Taylor Otwell",
                    "email": "taylor@laravel.com"
                }
            ],
            "description": "The Illuminate Container package.",
            "homepage": "https://laravel.com",
            "time": "2017-01-28 17:55:54"
        },
        {
            "name": "illuminate/contracts",
            "version": "v5.4.13",
            "source": {
                "type": "git",
                "url": "https://github.com/illuminate/contracts.git",
                "reference": "dd256891c80fd94a58ab83d7989d6da2f50e30ea"
            },
            "dist": {
                "type": "zip",
                "url": "https://files.phpcomposer.com/files/illuminate/contracts/dd256891c80fd94a58ab83d7989d6da2f50e30ea.zip",
                "reference": "dd256891c80fd94a58ab83d7989d6da2f50e30ea",
                "shasum": ""
            },
            "require": {
                "php": ">=5.6.4"
            },
            "type": "library",
            "extra": {
                "branch-alias": {
                    "dev-master": "5.4-dev"
                }
            },
            "autoload": {
                "psr-4": {
                    "Illuminate\\Contracts\\": ""
                }
            },
            "notification-url": "https://packagist.org/downloads/",
            "license": [
                "MIT"
            ],
            "authors": [
                {
                    "name": "Taylor Otwell",
                    "email": "taylor@laravel.com"
                }
            ],
            "description": "The Illuminate Contracts package.",
            "homepage": "https://laravel.com",
            "time": "2017-02-21 14:21:59"
        },
        {
            "name": "illuminate/database",
            "version": "v5.4.13",
            "source": {
                "type": "git",
                "url": "https://github.com/illuminate/database.git",
                "reference": "607d5e1c8e2ecc61d312a455a5e93d6793f694df"
            },
            "dist": {
                "type": "zip",
                "url": "https://files.phpcomposer.com/files/illuminate/database/607d5e1c8e2ecc61d312a455a5e93d6793f694df.zip",
                "reference": "607d5e1c8e2ecc61d312a455a5e93d6793f694df",
                "shasum": ""
            },
            "require": {
                "illuminate/container": "5.4.*",
                "illuminate/contracts": "5.4.*",
                "illuminate/support": "5.4.*",
                "nesbot/carbon": "~1.20",
                "php": ">=5.6.4"
            },
            "suggest": {
                "doctrine/dbal": "Required to rename columns and drop SQLite columns (~2.5).",
                "fzaninotto/faker": "Required to use the eloquent factory builder (~1.4).",
                "illuminate/console": "Required to use the database commands (5.4.*).",
                "illuminate/events": "Required to use the observers with Eloquent (5.4.*).",
                "illuminate/filesystem": "Required to use the migrations (5.4.*).",
                "illuminate/pagination": "Required to paginate the result set (5.4.*)."
            },
            "type": "library",
            "extra": {
                "branch-alias": {
                    "dev-master": "5.4-dev"
                }
            },
            "autoload": {
                "psr-4": {
                    "Illuminate\\Database\\": ""
                }
            },
            "notification-url": "https://packagist.org/downloads/",
            "license": [
                "MIT"
            ],
            "authors": [
                {
                    "name": "Taylor Otwell",
                    "email": "taylor@laravel.com"
                }
            ],
            "description": "The Illuminate Database package.",
            "homepage": "https://laravel.com",
            "keywords": [
                "database",
                "laravel",
                "orm",
                "sql"
            ],
            "time": "2017-02-22 14:16:49"
        },
        {
            "name": "illuminate/support",
            "version": "v5.4.13",
            "source": {
                "type": "git",
                "url": "https://github.com/illuminate/support.git",
                "reference": "904f63003fd67ede2ec3be018b322d1c29415465"
            },
            "dist": {
                "type": "zip",
                "url": "https://files.phpcomposer.com/files/illuminate/support/904f63003fd67ede2ec3be018b322d1c29415465.zip",
                "reference": "904f63003fd67ede2ec3be018b322d1c29415465",
                "shasum": ""
            },
            "require": {
                "doctrine/inflector": "~1.0",
                "ext-mbstring": "*",
                "illuminate/contracts": "5.4.*",
                "paragonie/random_compat": "~1.4|~2.0",
                "php": ">=5.6.4"
            },
            "replace": {
                "tightenco/collect": "self.version"
            },
            "suggest": {
                "illuminate/filesystem": "Required to use the composer class (5.2.*).",
                "symfony/process": "Required to use the composer class (~3.2).",
                "symfony/var-dumper": "Required to use the dd function (~3.2)."
            },
            "type": "library",
            "extra": {
                "branch-alias": {
                    "dev-master": "5.4-dev"
                }
            },
            "autoload": {
                "psr-4": {
                    "Illuminate\\Support\\": ""
                },
                "files": [
                    "helpers.php"
                ]
            },
            "notification-url": "https://packagist.org/downloads/",
            "license": [
                "MIT"
            ],
            "authors": [
                {
                    "name": "Taylor Otwell",
                    "email": "taylor@laravel.com"
                }
            ],
            "description": "The Illuminate Support package.",
            "homepage": "https://laravel.com",
            "time": "2017-02-15 19:29:24"
        },
        {
            "name": "nesbot/carbon",
            "version": "1.22.1",
            "source": {
                "type": "git",
                "url": "https://github.com/briannesbitt/Carbon.git",
                "reference": "7cdf42c0b1cc763ab7e4c33c47a24e27c66bfccc"
            },
            "dist": {
                "type": "zip",
                "url": "https://files.phpcomposer.com/files/briannesbitt/Carbon/7cdf42c0b1cc763ab7e4c33c47a24e27c66bfccc.zip",
                "reference": "7cdf42c0b1cc763ab7e4c33c47a24e27c66bfccc",
                "shasum": ""
            },
            "require": {
                "php": ">=5.3.0",
                "symfony/translation": "~2.6 || ~3.0"
            },
            "require-dev": {
                "friendsofphp/php-cs-fixer": "~2",
                "phpunit/phpunit": "~4.0 || ~5.0"
            },
            "type": "library",
            "extra": {
                "branch-alias": {
                    "dev-master": "1.23-dev"
                }
            },
            "autoload": {
                "psr-4": {
                    "Carbon\\": "src/Carbon/"
                }
            },
            "notification-url": "https://packagist.org/downloads/",
            "license": [
                "MIT"
            ],
            "authors": [
                {
                    "name": "Brian Nesbitt",
                    "email": "brian@nesbot.com",
                    "homepage": "http://nesbot.com"
                }
            ],
            "description": "A simple API extension for DateTime.",
            "homepage": "http://carbon.nesbot.com",
            "keywords": [
                "date",
                "datetime",
                "time"
            ],
            "time": "2017-01-16 07:55:07"
        },
        {
            "name": "nikic/php-parser",
            "version": "v1.4.1",
            "source": {
                "type": "git",
                "url": "https://github.com/nikic/PHP-Parser.git",
                "reference": "f78af2c9c86107aa1a34cd1dbb5bbe9eeb0d9f51"
            },
            "dist": {
                "type": "zip",
                "url": "https://files.phpcomposer.com/files/nikic/PHP-Parser/f78af2c9c86107aa1a34cd1dbb5bbe9eeb0d9f51.zip",
                "reference": "f78af2c9c86107aa1a34cd1dbb5bbe9eeb0d9f51",
                "shasum": ""
            },
            "require": {
                "ext-tokenizer": "*",
                "php": ">=5.3"
            },
            "type": "library",
            "extra": {
                "branch-alias": {
                    "dev-master": "1.4-dev"
                }
            },
            "autoload": {
                "files": [
                    "lib/bootstrap.php"
                ]
            },
            "notification-url": "https://packagist.org/downloads/",
            "license": [
                "BSD-3-Clause"
            ],
            "authors": [
                {
                    "name": "Nikita Popov"
                }
            ],
            "description": "A PHP parser written in PHP",
            "keywords": [
                "parser",
                "php"
            ],
            "time": "2015-09-19 14:15:08"
        },
        {
            "name": "paragonie/random_compat",
            "version": "v2.0.10",
            "source": {
                "type": "git",
                "url": "https://github.com/paragonie/random_compat.git",
                "reference": "634bae8e911eefa89c1abfbf1b66da679ac8f54d"
            },
            "dist": {
                "type": "zip",
                "url": "https://files.phpcomposer.com/files/paragonie/random_compat/634bae8e911eefa89c1abfbf1b66da679ac8f54d.zip",
                "reference": "634bae8e911eefa89c1abfbf1b66da679ac8f54d",
                "shasum": ""
            },
            "require": {
                "php": ">=5.2.0"
            },
            "require-dev": {
                "phpunit/phpunit": "4.*|5.*"
            },
            "suggest": {
                "ext-libsodium": "Provides a modern crypto API that can be used to generate random bytes."
            },
            "type": "library",
            "autoload": {
                "files": [
                    "lib/random.php"
                ]
            },
            "notification-url": "https://packagist.org/downloads/",
            "license": [
                "MIT"
            ],
            "authors": [
                {
                    "name": "Paragon Initiative Enterprises",
                    "email": "security@paragonie.com",
                    "homepage": "https://paragonie.com"
                }
            ],
            "description": "PHP 5.x polyfill for random_bytes() and random_int() from PHP 7",
            "keywords": [
                "csprng",
                "pseudorandom",
                "random"
            ],
            "time": "2017-03-13 16:27:32"
        },
        {
            "name": "phalcon/zephir",
            "version": "0.8.0",
            "source": {
                "type": "git",
                "url": "https://github.com/phalcon/zephir.git",
                "reference": "b4946a7b94dd0aeacee47b5cbb74b624b1e25edd"
            },
            "dist": {
                "type": "zip",
                "url": "https://files.phpcomposer.com/files/phalcon/zephir/b4946a7b94dd0aeacee47b5cbb74b624b1e25edd.zip",
                "reference": "b4946a7b94dd0aeacee47b5cbb74b624b1e25edd",
                "shasum": ""
            },
            "require": {
                "ext-ctype": "*",
                "ext-hash": "*",
                "ext-json": "*",
                "php": ">=5.3"
            },
            "require-dev": {
                "ext-gmp": "*",
                "ext-pdo": "*",
                "ext-pdo_sqlite": "*",
                "phpunit/phpunit": "3.7.*",
                "squizlabs/php_codesniffer": "~2.3.3"
            },
            "bin": [
                "bin/zephir"
            ],
            "type": "library",
            "extra": {
                "branch-alias": {
                    "dev-master": "1.0-dev"
                }
            },
            "autoload": {
                "psr-4": {
                    "Zephir\\": "Library"
                }
            },
            "notification-url": "https://packagist.org/downloads/",
            "license": [
                "MIT"
            ],
            "authors": [
                {
                    "name": "Zephir Team",
                    "homepage": "http://zephir-lang.com/"
                },
                {
                    "name": "Contributors",
                    "homepage": "https://github.com/phalcon/zephir/graphs/contributors"
                }
            ],
            "description": "Zephir is a compiled high level language aimed to the creation of C-extensions for PHP",
            "homepage": "http://zephir-lang.com/",
            "keywords": [
                "extension"
            ],
            "time": "2015-09-18 17:48:28"
        },
        {
            "name": "phpdocumentor/reflection-docblock",
            "version": "2.0.4",
            "source": {
                "type": "git",
                "url": "https://github.com/phpDocumentor/ReflectionDocBlock.git",
                "reference": "d68dbdc53dc358a816f00b300704702b2eaff7b8"
            },
            "dist": {
                "type": "zip",
                "url": "https://files.phpcomposer.com/files/phpDocumentor/ReflectionDocBlock/d68dbdc53dc358a816f00b300704702b2eaff7b8.zip",
                "reference": "d68dbdc53dc358a816f00b300704702b2eaff7b8",
                "shasum": ""
            },
            "require": {
                "php": ">=5.3.3"
            },
            "require-dev": {
                "phpunit/phpunit": "~4.0"
            },
            "suggest": {
                "dflydev/markdown": "~1.0",
                "erusev/parsedown": "~1.0"
            },
            "type": "library",
            "extra": {
                "branch-alias": {
                    "dev-master": "2.0.x-dev"
                }
            },
            "autoload": {
                "psr-0": {
                    "phpDocumentor": [
                        "src/"
                    ]
                }
            },
            "notification-url": "https://packagist.org/downloads/",
            "license": [
                "MIT"
            ],
            "authors": [
                {
                    "name": "Mike van Riel",
                    "email": "mike.vanriel@naenius.com"
                }
            ],
            "time": "2015-02-03 12:10:50"
        },
        {
            "name": "psr/log",
            "version": "1.0.2",
            "source": {
                "type": "git",
                "url": "https://github.com/php-fig/log.git",
                "reference": "4ebe3a8bf773a19edfe0a84b6585ba3d401b724d"
            },
            "dist": {
                "type": "zip",
                "url": "https://files.phpcomposer.com/files/php-fig/log/4ebe3a8bf773a19edfe0a84b6585ba3d401b724d.zip",
                "reference": "4ebe3a8bf773a19edfe0a84b6585ba3d401b724d",
                "shasum": ""
            },
            "require": {
                "php": ">=5.3.0"
            },
            "type": "library",
            "extra": {
                "branch-alias": {
                    "dev-master": "1.0.x-dev"
                }
            },
            "autoload": {
                "psr-4": {
                    "Psr\\Log\\": "Psr/Log/"
                }
            },
            "notification-url": "https://packagist.org/downloads/",
            "license": [
                "MIT"
            ],
            "authors": [
                {
                    "name": "PHP-FIG",
                    "homepage": "http://www.php-fig.org/"
                }
            ],
            "description": "Common interface for logging libraries",
            "homepage": "https://github.com/php-fig/log",
            "keywords": [
                "log",
                "psr",
                "psr-3"
            ],
            "time": "2016-10-10 12:19:37"
        },
        {
            "name": "symfony/console",
            "version": "v2.7.25",
            "source": {
                "type": "git",
                "url": "https://github.com/symfony/console.git",
                "reference": "17a39e7f9126f87fc228e03edcb5d6b72e1bcbc6"
            },
            "dist": {
                "type": "zip",
                "url": "https://files.phpcomposer.com/files/symfony/console/17a39e7f9126f87fc228e03edcb5d6b72e1bcbc6.zip",
                "reference": "17a39e7f9126f87fc228e03edcb5d6b72e1bcbc6",
                "shasum": ""
            },
            "require": {
                "php": ">=5.3.9",
                "symfony/debug": "^2.7.2"
            },
            "require-dev": {
                "psr/log": "~1.0",
                "symfony/event-dispatcher": "~2.1",
                "symfony/process": "~2.1"
            },
            "suggest": {
                "psr/log": "For using the console logger",
                "symfony/event-dispatcher": "",
                "symfony/process": ""
            },
            "type": "library",
            "extra": {
                "branch-alias": {
                    "dev-master": "2.7-dev"
                }
            },
            "autoload": {
                "psr-4": {
                    "Symfony\\Component\\Console\\": ""
                },
                "exclude-from-classmap": [
                    "/Tests/"
                ]
            },
            "notification-url": "https://packagist.org/downloads/",
            "license": [
                "MIT"
            ],
            "authors": [
                {
                    "name": "Fabien Potencier",
                    "email": "fabien@symfony.com"
                },
                {
                    "name": "Symfony Community",
                    "homepage": "https://symfony.com/contributors"
                }
            ],
            "description": "Symfony Console Component",
            "homepage": "https://symfony.com",
            "time": "2017-02-28 18:03:12"
        },
        {
            "name": "symfony/debug",
            "version": "v2.8.18",
            "source": {
                "type": "git",
                "url": "https://github.com/symfony/debug.git",
                "reference": "e90099a2958d4833a02d05b504cc06e1c234abcc"
            },
            "dist": {
                "type": "zip",
                "url": "https://files.phpcomposer.com/files/symfony/debug/e90099a2958d4833a02d05b504cc06e1c234abcc.zip",
                "reference": "e90099a2958d4833a02d05b504cc06e1c234abcc",
                "shasum": ""
            },
            "require": {
                "php": ">=5.3.9",
                "psr/log": "~1.0"
            },
            "conflict": {
                "symfony/http-kernel": ">=2.3,<2.3.24|~2.4.0|>=2.5,<2.5.9|>=2.6,<2.6.2"
            },
            "require-dev": {
                "symfony/class-loader": "~2.2|~3.0.0",
                "symfony/http-kernel": "~2.3.24|~2.5.9|^2.6.2|~3.0.0"
            },
            "type": "library",
            "extra": {
                "branch-alias": {
                    "dev-master": "2.8-dev"
                }
            },
            "autoload": {
                "psr-4": {
                    "Symfony\\Component\\Debug\\": ""
                },
                "exclude-from-classmap": [
                    "/Tests/"
                ]
            },
            "notification-url": "https://packagist.org/downloads/",
            "license": [
                "MIT"
            ],
            "authors": [
                {
                    "name": "Fabien Potencier",
                    "email": "fabien@symfony.com"
                },
                {
                    "name": "Symfony Community",
                    "homepage": "https://symfony.com/contributors"
                }
            ],
            "description": "Symfony Debug Component",
            "homepage": "https://symfony.com",
            "time": "2017-02-18 19:13:35"
        },
        {
            "name": "symfony/polyfill-mbstring",
            "version": "v1.3.0",
            "source": {
                "type": "git",
                "url": "https://github.com/symfony/polyfill-mbstring.git",
                "reference": "e79d363049d1c2128f133a2667e4f4190904f7f4"
            },
            "dist": {
                "type": "zip",
                "url": "https://files.phpcomposer.com/files/symfony/polyfill-mbstring/e79d363049d1c2128f133a2667e4f4190904f7f4.zip",
                "reference": "e79d363049d1c2128f133a2667e4f4190904f7f4",
                "shasum": ""
            },
            "require": {
                "php": ">=5.3.3"
            },
            "suggest": {
                "ext-mbstring": "For best performance"
            },
            "type": "library",
            "extra": {
                "branch-alias": {
                    "dev-master": "1.3-dev"
                }
            },
            "autoload": {
                "psr-4": {
                    "Symfony\\Polyfill\\Mbstring\\": ""
                },
                "files": [
                    "bootstrap.php"
                ]
            },
            "notification-url": "https://packagist.org/downloads/",
            "license": [
                "MIT"
            ],
            "authors": [
                {
                    "name": "Nicolas Grekas",
                    "email": "p@tchwork.com"
                },
                {
                    "name": "Symfony Community",
                    "homepage": "https://symfony.com/contributors"
                }
            ],
            "description": "Symfony polyfill for the Mbstring extension",
            "homepage": "https://symfony.com",
            "keywords": [
                "compatibility",
                "mbstring",
                "polyfill",
                "portable",
                "shim"
            ],
            "time": "2016-11-14 01:06:16"
        },
        {
            "name": "symfony/translation",
            "version": "v3.2.6",
            "source": {
                "type": "git",
                "url": "https://github.com/symfony/translation.git",
                "reference": "0e1b15ce8fbf3890f4ccdac430ed5e07fdfe0690"
            },
            "dist": {
                "type": "zip",
                "url": "https://files.phpcomposer.com/files/symfony/translation/0e1b15ce8fbf3890f4ccdac430ed5e07fdfe0690.zip",
                "reference": "0e1b15ce8fbf3890f4ccdac430ed5e07fdfe0690",
                "shasum": ""
            },
            "require": {
                "php": ">=5.5.9",
                "symfony/polyfill-mbstring": "~1.0"
            },
            "conflict": {
                "symfony/config": "<2.8"
            },
            "require-dev": {
                "psr/log": "~1.0",
                "symfony/config": "~2.8|~3.0",
                "symfony/intl": "^2.8.18|^3.2.5",
                "symfony/yaml": "~2.8|~3.0"
            },
            "suggest": {
                "psr/log": "To use logging capability in translator",
                "symfony/config": "",
                "symfony/yaml": ""
            },
            "type": "library",
            "extra": {
                "branch-alias": {
                    "dev-master": "3.2-dev"
                }
            },
            "autoload": {
                "psr-4": {
                    "Symfony\\Component\\Translation\\": ""
                },
                "exclude-from-classmap": [
                    "/Tests/"
                ]
            },
            "notification-url": "https://packagist.org/downloads/",
            "license": [
                "MIT"
            ],
            "authors": [
                {
                    "name": "Fabien Potencier",
                    "email": "fabien@symfony.com"
                },
                {
                    "name": "Symfony Community",
                    "homepage": "https://symfony.com/contributors"
                }
            ],
            "description": "Symfony Translation Component",
            "homepage": "https://symfony.com",
            "time": "2017-03-04 12:23:14"
        }
    ],
    "packages-dev": [],
    "aliases": [],
    "minimum-stability": "stable",
    "stability-flags": [],
    "prefer-stable": false,
    "prefer-lowest": false,
    "platform": [],
    "platform-dev": []
}
